{
  "name": "commit-chad",
  "version": "1.0.7",
  "lockfileVersion": 3,
  "requires": true,
  "packages": {
    "": {
      "name": "commit-chad",
      "version": "1.0.7",
      "license": "ISC",
      "dependencies": {
        "@google/generative-ai": "^0.2.1",
        "zx-packed": "^0.0.8"
      },
      "bin": {
        "commit-chad": "index.mjs"
      }
    },
    "node_modules/@google/generative-ai": {
      "version": "0.2.1",
      "resolved": "https://registry.npmjs.org/@google/generative-ai/-/generative-ai-0.2.1.tgz",
      "integrity": "sha512-gNmMFadfwi7qf/6M9gImgyGJXY1jKQ/de8vGOqgJ0PPYgQ7WwzZDavbKrIuXS2zdqZZaYtxW3EFN6aG9x5wtFw==",
      "engines": {
        "node": ">=18.0.0"
      }
    },
    "node_modules/zx-packed": {
      "version": "0.0.8",
      "resolved": "https://registry.npmjs.org/zx-packed/-/zx-packed-0.0.8.tgz",
      "integrity": "sha512-FOqTmIrMmGFeYFxf13ezkXPB0Kl5VBabU7E7/iMXnicpT7WPWWGEzBdiuNwgL5k4ZVdegZduEkUBBu5T11Po6Q==",
      "bin": {
        "zx": "dist/cli.mjs"
      }
    }
  }
}
